// !$*UTF8*$!
{
	archiveVersion = 1;
	classes = {
	};
	objectVersion = 50;
	objects = {

/* Begin PBXBuildFile section */
		253C85CF228D7F4000F3CF99 /* AppDelegate.swift in Sources */ = {isa = PBXBuildFile; fileRef = 253C85CE228D7F4000F3CF99 /* AppDelegate.swift */; };
		253C85D1228D7F4000F3CF99 /* ViewController.swift in Sources */ = {isa = PBXBuildFile; fileRef = 253C85D0228D7F4000F3CF99 /* ViewController.swift */; };
		253C85D4228D7F4000F3CF99 /* Main.storyboard in Resources */ = {isa = PBXBuildFile; fileRef = 253C85D2228D7F4000F3CF99 /* Main.storyboard */; };
		253C85D6228D7F4000F3CF99 /* Assets.xcassets in Resources */ = {isa = PBXBuildFile; fileRef = 253C85D5228D7F4000F3CF99 /* Assets.xcassets */; };
		253C85D9228D7F4000F3CF99 /* LaunchScreen.storyboard in Resources */ = {isa = PBXBuildFile; fileRef = 253C85D7228D7F4000F3CF99 /* LaunchScreen.storyboard */; };
		253C85E1228D806600F3CF99 /* Onboarding.storyboard in Resources */ = {isa = PBXBuildFile; fileRef = 253C85E0228D806600F3CF99 /* Onboarding.storyboard */; };
		253C85E7228D841200F3CF99 /* continueViewController.swift in Sources */ = {isa = PBXBuildFile; fileRef = 253C85E6228D841200F3CF99 /* continueViewController.swift */; };
		253C85EA228D842B00F3CF99 /* loginViewController.swift in Sources */ = {isa = PBXBuildFile; fileRef = 253C85E9228D842B00F3CF99 /* loginViewController.swift */; };
		253C85EC228D843700F3CF99 /* finalViewController.swift in Sources */ = {isa = PBXBuildFile; fileRef = 253C85EB228D843700F3CF99 /* finalViewController.swift */; };
/* End PBXBuildFile section */

/* Begin PBXFileReference section */
		253C85CB228D7F4000F3CF99 /* Test 1.app */ = {isa = PBXFileReference; explicitFileType = wrapper.application; includeInIndex = 0; path = "Test 1.app"; sourceTree = BUILT_PRODUCTS_DIR; };
		253C85CE228D7F4000F3CF99 /* AppDelegate.swift */ = {isa = PBXFileReference; lastKnownFileType = sourcecode.swift; path = AppDelegate.swift; sourceTree = "<group>"; };
		253C85D0228D7F4000F3CF99 /* ViewController.swift */ = {isa = PBXFileReference; lastKnownFileType = sourcecode.swift; path = ViewController.swift; sourceTree = "<group>"; };
		253C85D3228D7F4000F3CF99 /* Base */ = {isa = PBXFileReference; lastKnownFileType = file.storyboard; name = Base; path = Base.lproj/Main.storyboard; sourceTree = "<group>"; };
		253C85D5228D7F4000F3CF99 /* Assets.xcassets */ = {isa = PBXFileReference; lastKnownFileType = folder.assetcatalog; path = Assets.xcassets; sourceTree = "<group>"; };
		253C85D8228D7F4000F3CF99 /* Base */ = {isa = PBXFileReference; lastKnownFileType = file.storyboard; name = Base; path = Base.lproj/LaunchScreen.storyboard; sourceTree = "<group>"; };
		253C85DA228D7F4000F3CF99 /* Info.plist */ = {isa = PBXFileReference; lastKnownFileType = text.plist.xml; path = Info.plist; sourceTree = "<group>"; };
		253C85E0228D806600F3CF99 /* Onboarding.storyboard */ = {isa = PBXFileReference; lastKnownFileType = file.storyboard; path = Onboarding.storyboard; sourceTree = "<group>"; };
		253C85E6228D841200F3CF99 /* continueViewController.swift */ = {isa = PBXFileReference; lastKnownFileType = sourcecode.swift; path = continueViewController.swift; sourceTree = "<group>"; };
		253C85E9228D842B00F3CF99 /* loginViewController.swift */ = {isa = PBXFileReference; lastKnownFileType = sourcecode.swift; path = loginViewController.swift; sourceTree = "<group>"; };
		253C85EB228D843700F3CF99 /* finalViewController.swift */ = {isa = PBXFileReference; lastKnownFileType = sourcecode.swift; path = finalViewController.swift; sourceTree = "<group>"; };
/* End PBXFileReference section */

/* Begin PBXFrameworksBuildPhase section */
		253C85C8228D7F4000F3CF99 /* Frameworks */ = {
			isa = PBXFrameworksBuildPhase;
			buildActionMask = 2147483647;
			files = (
			);
			runOnlyForDeploymentPostprocessing = 0;
		};
/* End PBXFrameworksBuildPhase section */

/* Begin PBXGroup section */
		253C85C2228D7F4000F3CF99 = {
			isa = PBXGroup;
			children = (
				253C85CD228D7F4000F3CF99 /* Test 1 */,
				253C85CC228D7F4000F3CF99 /* Products */,
			);
			sourceTree = "<group>";
		};
		253C85CC228D7F4000F3CF99 /* Products */ = {
			isa = PBXGroup;
			children = (
				253C85CB228D7F4000F3CF99 /* Test 1.app */,
			);
			name = Products;
			sourceTree = "<group>";
		};
		253C85CD228D7F4000F3CF99 /* Test 1 */ = {
			isa = PBXGroup;
			children = (
				253C85CE228D7F4000F3CF99 /* AppDelegate.swift */,
				253C85D0228D7F4000F3CF99 /* ViewController.swift */,
				253C85D2228D7F4000F3CF99 /* Main.storyboard */,
				253C85E0228D806600F3CF99 /* Onboarding.storyboard */,
				253C85E6228D841200F3CF99 /* continueViewController.swift */,
				253C85E9228D842B00F3CF99 /* loginViewController.swift */,
				253C85EB228D843700F3CF99 /* finalViewController.swift */,
				253C85D5228D7F4000F3CF99 /* Assets.xcassets */,
				253C85D7228D7F4000F3CF99 /* LaunchScreen.storyboard */,
				253C85DA228D7F4000F3CF99 /* Info.plist */,
			);
			path = "Test 1";
			sourceTree = "<group>";
		};
/* End PBXGroup section */

/* Begin PBXNativeTarget section */
		253C85CA228D7F4000F3CF99 /* Test 1 */ = {
			isa = PBXNativeTarget;
			buildConfigurationList = 253C85DD228D7F4000F3CF99 /* Build configuration list for PBXNativeTarget "Test 1" */;
			buildPhases = (
				253C85C7228D7F4000F3CF99 /* Sources */,
				253C85C8228D7F4000F3CF99 /* Frameworks */,
				253C85C9228D7F4000F3CF99 /* Resources */,
			);
			buildRules = (
			);
			dependencies = (
			);
			name = "Test 1";
			productName = "Test 1";
			productReference = 253C85CB228D7F4000F3CF99 /* Test 1.app */;
			productType = "com.apple.product-type.application";
		};
/* End PBXNativeTarget section */

/* Begin PBXProject section */
		253C85C3228D7F4000F3CF99 /* Project object */ = {
			isa = PBXProject;
			attributes = {
				LastSwiftUpdateCheck = 1020;
				LastUpgradeCheck = 1020;
				ORGANIZATIONNAME = "Pim Dieks";
				TargetAttributes = {
					253C85CA228D7F4000F3CF99 = {
						CreatedOnToolsVersion = 10.2.1;
					};
				};
			};
			buildConfigurationList = 253C85C6228D7F4000F3CF99 /* Build configuration list for PBXProject "Test 1" */;
			compatibilityVersion = "Xcode 9.3";
			developmentRegion = en;
			hasScannedForEncodings = 0;
			knownRegions = (
				en,
				Base,
			);
			mainGroup = 253C85C2228D7F4000F3CF99;
			productRefGroup = 253C85CC228D7F4000F3CF99 /* Products */;
			projectDirPath = "";
			projectRoot = "";
			targets = (
				253C85CA228D7F4000F3CF99 /* Test 1 */,
			);
		};
/* End PBXProject section */

/* Begin PBXResourcesBuildPhase section */
		253C85C9228D7F4000F3CF99 /* Resources */ = {
			isa = PBXResourcesBuildPhase;
			buildActionMask = 2147483647;
			files = (
				253C85D9228D7F4000F3CF99 /* LaunchScreen.storyboard in Resources */,
				253C85D6228D7F4000F3CF99 /* Assets.xcassets in Resources */,
				253C85E1228D806600F3CF99 /* Onboarding.storyboard in Resources */,
				253C85D4228D7F4000F3CF99 /* Main.storyboard in Resources */,
			);
			runOnlyForDeploymentPostprocessing = 0;
		};
/* End PBXResourcesBuildPhase section */

/* Begin PBXSourcesBuildPhase section */
		253C85C7228D7F4000F3CF99 /* Sources */ = {
			isa = PBXSourcesBuildPhase;
			buildActionMask = 2147483647;
			files = (
				253C85EA228D842B00F3CF99 /* loginViewController.swift in Sources */,
				253C85EC228D843700F3CF99 /* finalViewController.swift in Sources */,
				253C85D1228D7F4000F3CF99 /* ViewController.swift in Sources */,
				253C85CF228D7F4000F3CF99 /* AppDelegate.swift in Sources */,
				253C85E7228D841200F3CF99 /* continueViewController.swift in Sources */,
			);
			runOnlyForDeploymentPostprocessing = 0;
		};
/* End PBXSourcesBuildPhase section */

/* Begin PBXVariantGroup section */
		253C85D2228D7F4000F3CF99 /* Main.storyboard */ = {
			isa = PBXVariantGroup;
			children = (
				253C85D3228D7F4000F3CF99 /* Base */,
			);
			name = Main.storyboard;
			sourceTree = "<group>";
		};
		253C85D7228D7F4000F3CF99 /* LaunchScreen.storyboard */ = {
			isa = PBXVariantGroup;
			children = (
				253C85D8228D7F4000F3CF99 /* Base */,
			);
			name = LaunchScreen.storyboard;
			sourceTree = "<group>";
		};
/* End PBXVariantGroup section */

/* Begin XCBuildConfiguration section */
		253C85DB228D7F4000F3CF99 /* Debug */ = {
			isa = XCBuildConfiguration;
			buildSettings = {
				ALWAYS_SEARCH_USER_PATHS = NO;
				CLANG_ANALYZER_NONNULL = YES;
				CLANG_ANALYZER_NUMBER_OBJECT_CONVERSION = YES_AGGRESSIVE;
				CLANG_CXX_LANGUAGE_STANDARD = "gnu++14";
				CLANG_CXX_LIBRARY = "libc++";
				CLANG_ENABLE_MODULES = YES;
				CLANG_ENABLE_OBJC_ARC = YES;
				CLANG_ENABLE_OBJC_WEAK = YES;
				CLANG_WARN_BLOCK_CAPTURE_AUTORELEASING = YES;
				CLANG_WARN_BOOL_CONVERSION = YES;
				CLANG_WARN_COMMA = YES;
				CLANG_WARN_CONSTANT_CONVERSION = YES;
				CLANG_WARN_DEPRECATED_OBJC_IMPLEMENTATIONS = YES;
				CLANG_WARN_DIRECT_OBJC_ISA_USAGE = YES_ERROR;
				CLANG_WARN_DOCUMENTATION_COMMENTS = YES;
				CLANG_WARN_EMPTY_BODY = YES;
				CLANG_WARN_ENUM_CONVERSION = YES;
				CLANG_WARN_INFINITE_RECURSION = YES;
				CLANG_WARN_INT_CONVERSION = YES;
				CLANG_WARN_NON_LITERAL_NULL_CONVERSION = YES;
				CLANG_WARN_OBJC_IMPLICIT_RETAIN_SELF = YES;
				CLANG_WARN_OBJC_LITERAL_CONVERSION = YES;
				CLANG_WARN_OBJC_ROOT_CLASS = YES_ERROR;
				CLANG_WARN_RANGE_LOOP_ANALYSIS = YES;
				CLANG_WARN_STRICT_PROTOTYPES = YES;
				CLANG_WARN_SUSPICIOUS_MOVE = YES;
				CLANG_WARN_UNGUARDED_AVAILABILITY = YES_AGGRESSIVE;
				CLANG_WARN_UNREACHABLE_CODE = YES;
				CLANG_WARN__DUPLICATE_METHOD_MATCH = YES;
				CODE_SIGN_IDENTITY = "iPhone Developer";
				COPY_PHASE_STRIP = NO;
				DEBUG_INFORMATION_FORMAT = dwarf;
				ENABLE_STRICT_OBJC_MSGSEND = YES;
				ENABLE_TESTABILITY = YES;
				GCC_C_LANGUAGE_STANDARD = gnu11;
				GCC_DYNAMIC_NO_PIC = NO;
				GCC_NO_COMMON_BLOCKS = YES;
				GCC_OPTIMIZATION_LEVEL = 0;
				GCC_PREPROCESSOR_DEFINITIONS = (
					"DEBUG=1",
					"$(inherited)",
				);
				GCC_WARN_64_TO_32_BIT_CONVERSION = YES;
				GCC_WARN_ABOUT_RETURN_TYPE = YES_ERROR;
				GCC_WARN_UNDECLARED_SELECTOR = YES;
				GCC_WARN_UNINITIALIZED_AUTOS = YES_AGGRESSIVE;
				GCC_WARN_UNUSED_FUNCTION = YES;
				GCC_WARN_UNUSED_VARIABLE = YES;
				IPHONEOS_DEPLOYMENT_TARGET = 12.2;
				MTL_ENABLE_DEBUG_INFO = INCLUDE_SOURCE;
				MTL_FAST_MATH = YES;
				ONLY_ACTIVE_ARCH = YES;
				SDKROOT = iphoneos;
				SWIFT_ACTIVE_COMPILATION_CONDITIONS = DEBUG;
				SWIFT_OPTIMIZATION_LEVEL = "-Onone";
			};
			name = Debug;
		};
		253C85DC228D7F4000F3CF99 /* Release */ = {
			isa = XCBuildConfiguration;
			buildSettings = {
				ALWAYS_SEARCH_USER_PATHS = NO;
				CLANG_ANALYZER_NONNULL = YES;
				CLANG_ANALYZER_NUMBER_OBJECT_CONVERSION = YES_AGGRESSIVE;
				CLANG_CXX_LANGUAGE_STANDARD = "gnu++14";
				CLANG_CXX_LIBRARY = "libc++";
				CLANG_ENABLE_MODULES = YES;
				CLANG_ENABLE_OBJC_ARC = YES;
				CLANG_ENABLE_OBJC_WEAK = YES;
				CLANG_WARN_BLOCK_CAPTURE_AUTORELEASING = YES;
				CLANG_WARN_BOOL_CONVERSION = YES;
				CLANG_WARN_COMMA = YES;
				CLANG_WARN_CONSTANT_CONVERSION = YES;
				CLANG_WARN_DEPRECATED_OBJC_IMPLEMENTATIONS = YES;
				CLANG_WARN_DIRECT_OBJC_ISA_USAGE = YES_ERROR;
				CLANG_WARN_DOCUMENTATION_COMMENTS = YES;
				CLANG_WARN_EMPTY_BODY = YES;
				CLANG_WARN_ENUM_CONVERSION = YES;
				CLANG_WARN_INFINITE_RECURSION = YES;
				CLANG_WARN_INT_CONVERSION = YES;
				CLANG_WARN_NON_LITERAL_NULL_CONVERSION = YES;
				CLANG_WARN_OBJC_IMPLICIT_RETAIN_SELF = YES;
				CLANG_WARN_OBJC_LITERAL_CONVERSION = YES;
				CLANG_WARN_OBJC_ROOT_CLASS = YES_ERROR;
				CLANG_WARN_RANGE_LOOP_ANALYSIS = YES;
				CLANG_WARN_STRICT_PROTOTYPES = YES;
				CLANG_WARN_SUSPICIOUS_MOVE = YES;
				CLANG_WARN_UNGUARDED_AVAILABILITY = YES_AGGRESSIVE;
				CLANG_WARN_UNREACHABLE_CODE = YES;
				CLANG_WARN__DUPLICATE_METHOD_MATCH = YES;
				CODE_SIGN_IDENTITY = "iPhone Developer";
				COPY_PHASE_STRIP = NO;
				DEBUG_INFORMATION_FORMAT = "dwarf-with-dsym";
				ENABLE_NS_ASSERTIONS = NO;
				ENABLE_STRICT_OBJC_MSGSEND = YES;
				GCC_C_LANGUAGE_STANDARD = gnu11;
				GCC_NO_COMMON_BLOCKS = YES;
				GCC_WARN_64_TO_32_BIT_CONVERSION = YES;
				GCC_WARN_ABOUT_RETURN_TYPE = YES_ERROR;
				GCC_WARN_UNDECLARED_SELECTOR = YES;
				GCC_WARN_UNINITIALIZED_AUTOS = YES_AGGRESSIVE;
				GCC_WARN_UNUSED_FUNCTION = YES;
				GCC_WARN_UNUSED_VARIABLE = YES;
				IPHONEOS_DEPLOYMENT_TARGET = 12.2;
				MTL_ENABLE_DEBUG_INFO = NO;
				MTL_FAST_MATH = YES;
				SDKROOT = iphoneos;
				SWIFT_COMPILATION_MODE = wholemodule;
				SWIFT_OPTIMIZATION_LEVEL = "-O";
				VALIDATE_PRODUCT = YES;
			};
			name = Release;
		};
		253C85DE228D7F4000F3CF99 /* Debug */ = {
			isa = XCBuildConfiguration;
			buildSettings = {
				ASSETCATALOG_COMPILER_APPICON_NAME = AppIcon;
				CODE_SIGN_STYLE = Automatic;
				DEVELOPMENT_TEAM = B8NB8TL55R;
				INFOPLIST_FILE = "Test 1/Info.plist";
				LD_RUNPATH_SEARCH_PATHS = (
					"$(inherited)",
					"@executable_path/Frameworks",
				);
				PRODUCT_BUNDLE_IDENTIFIER = "com.GoHere.Test-1";
				PRODUCT_NAME = "$(TARGET_NAME)";
				SWIFT_VERSION = 5.0;
				TARGETED_DEVICE_FAMILY = "1,2";
			};
			name = Debug;
		};
		253C85DF228D7F4000F3CF99 /* Release */ = {
			isa = XCBuildConfiguration;
			buildSettings = {
				ASSETCATALOG_COMPILER_APPICON_NAME = AppIcon;
				CODE_SIGN_STYLE = Automatic;
				DEVELOPMENT_TEAM = B8NB8TL55R;
				INFOPLIST_FILE = "Test 1/Info.plist";
				LD_RUNPATH_SEARCH_PATHS = (
					"$(inherited)",
					"@executable_path/Frameworks",
				);
				PRODUCT_BUNDLE_IDENTIFIER = "com.GoHere.Test-1";
				PRODUCT_NAME = "$(TARGET_NAME)";
				SWIFT_VERSION = 5.0;
				TARGETED_DEVICE_FAMILY = "1,2";
			};
			name = Release;
		};
/* End XCBuildConfiguration section */

/* Begin XCConfigurationList section */
		253C85C6228D7F4000F3CF99 /* Build configuration list for PBXProject "Test 1" */ = {
			isa = XCConfigurationList;
			buildConfigurations = (
				253C85DB228D7F4000F3CF99 /* Debug */,
				253C85DC228D7F4000F3CF99 /* Release */,
			);
			defaultConfigurationIsVisible = 0;
			defaultConfigurationName = Release;
		};
		253C85DD228D7F4000F3CF99 /* Build configuration list for PBXNativeTarget "Test 1" */ = {
			isa = XCConfigurationList;
			buildConfigurations = (
				253C85DE228D7F4000F3CF99 /* Debug */,
				253C85DF228D7F4000F3CF99 /* Release */,
			);
			defaultConfigurationIsVisible = 0;
			defaultConfigurationName = Release;
		};
/* End XCConfigurationList section */
	};
	rootObject = 253C85C3228D7F4000F3CF99 /* Project object */;
}
